<?xml version="1.0" encoding="utf-8"?>
<Project ToolsVersion="4.0" xmlns="http://schemas.microsoft.com/developer/msbuild/2003">
  <ItemGroup>
    <Filter Include="Source Files">
      <UniqueIdentifier>{4FC737F1-C7A5-4376-A066-2A32D752A2FF}</UniqueIdentifier>
      <Extensions>cpp;c;cc;cxx;def;odl;idl;hpj;bat;asm;asmx</Extensions>
    </Filter>
    <Filter Include="Header Files">
      <UniqueIdentifier>{93995380-89BD-4b04-88EB-625FBE52EBFB}</UniqueIdentifier>
      <Extensions>h;hh;hpp;hxx;hm;inl;inc;ipp;xsd</Extensions>
    </Filter>
    <Filter Include="Resource Files">
      <UniqueIdentifier>{67DA6AB6-F800-4c08-8B7A-83BB121AAD01}</UniqueIdentifier>
      <Extensions>rc;ico;cur;bmp;dlg;rc2;rct;bin;rgs;gif;jpg;jpeg;jpe;resx;tiff;tif;png;wav;mfcribbon-ms</Extensions>
    </Filter>
  </ItemGroup>
  <ItemGroup>
    <ClInclude Include="pch.h">
      <Filter>Header Files</Filter>
    </ClInclude>
    <ClInclude Include="IocpServer.h">
      <Filter>Header Files</Filter>
    </ClInclude>
    <ClInclude Include="Net.h">
      <Filter>Header Files</Filter>
    </ClInclude>
    <ClInclude Include="ClientContext.h">
      <Filter>Header Files</Filter>
    </ClInclude>
    <ClInclude Include="IoContext.h">
      <Filter>Header Files</Filter>
    </ClInclude>
    <ClInclude Include="Global.h">
      <Filter>Header Files</Filter>
    </ClInclude>
    <ClInclude Include="Codec.h">
      <Filter>Header Files</Filter>
    </ClInclude>
    <ClInclude Include="Slice.h">
      <Filter>Header Files</Filter>
    </ClInclude>
    <ClInclude Include="LockGuard.h">
      <Filter>Header Files</Filter>
    </ClInclude>
    <ClInclude Include="Buffer_old.h">
      <Filter>Header Files</Filter>
    </ClInclude>
    <ClInclude Include="Mempool.h">
      <Filter>Header Files</Filter>
    </ClInclude>
    <ClInclude Include="Buffer.h">
      <Filter>Header Files</Filter>
    </ClInclude>
    <ClInclude Include="HttpCodec.h">
      <Filter>Header Files</Filter>
    </ClInclude>
    <ClInclude Include="HttpServer.h">
      <Filter>Header Files</Filter>
    </ClInclude>
    <ClInclude Include="HttpMessage.h">
      <Filter>Header Files</Filter>
    </ClInclude>
    <ClInclude Include="Addr.h">
      <Filter>Header Files</Filter>
    </ClInclude>
    <ClInclude Include="Timer.h">
      <Filter>Header Files</Filter>
    </ClInclude>
  </ItemGroup>
  <ItemGroup>
    <ClCompile Include="pch.cpp">
      <Filter>Source Files</Filter>
    </ClCompile>
    <ClCompile Include="IocpServer.cpp">
      <Filter>Source Files</Filter>
    </ClCompile>
    <ClCompile Include="Net.cpp">
      <Filter>Source Files</Filter>
    </ClCompile>
    <ClCompile Include="ClientContext.cpp">
      <Filter>Source Files</Filter>
    </ClCompile>
    <ClCompile Include="IoContext.cpp">
      <Filter>Source Files</Filter>
    </ClCompile>
    <ClCompile Include="Codec.cpp">
      <Filter>Source Files</Filter>
    </ClCompile>
    <ClCompile Include="Buffer_old.cpp">
      <Filter>Source Files</Filter>
    </ClCompile>
    <ClCompile Include="Buffer.cpp">
      <Filter>Source Files</Filter>
    </ClCompile>
    <ClCompile Include="main.cpp">
      <Filter>Source Files</Filter>
    </ClCompile>
    <ClCompile Include="HttpCodec.cpp">
      <Filter>Source Files</Filter>
    </ClCompile>
    <ClCompile Include="Slice.cpp">
      <Filter>Source Files</Filter>
    </ClCompile>
    <ClCompile Include="HttpServer.cpp">
      <Filter>Source Files</Filter>
    </ClCompile>
    <ClCompile Include="HttpMessage.cpp">
      <Filter>Source Files</Filter>
    </ClCompile>
    <ClCompile Include="Addr.cpp">
      <Filter>Source Files</Filter>
    </ClCompile>
    <ClCompile Include="Timer.cpp">
      <Filter>Source Files</Filter>
    </ClCompile>
  </ItemGroup>
</Project>